{
  "name": "gas-esbuild-temp",
  "version": "1.0.0",
  "lockfileVersion": 3,
  "requires": true,
  "packages": {
    "": {
      "name": "gas-esbuild-temp",
      "version": "1.0.0",
      "license": "ISC",
      "dependencies": {
        "@types/google-apps-script": "^2.0.8"
      },
      "devDependencies": {
        "@types/node": "^25.0.3",
        "esbuild": "^0.27.2",
        "esbuild-gas-plugin": "^0.10.0",
        "ts-node": "^10.9.2",
        "typescript": "^5.9.3"
      }
    },
    "node_modules/@cspotcode/source-map-support": {
      "version": "0.8.1",
      "resolved": "https://registry.npmjs.org/@cspotcode/source-map-support/-/source-map-support-0.8.1.tgz",
      "integrity": "sha512-IchNf6dN4tHoMFIn/7OE8LWZ19Y6q/67Bmf6vnGREv8RSbBVb9LPJxEcnwrcwX6ixSvaiGoomAUvu4YSxXrVgw==",
      "dev": true,
      "license": "MIT",
      "dependencies": {
        "@jridgewell/trace-mapping": "0.3.9"
      },
      "engines": {
        "node": ">=12"
      }
    },
    "node_modules/@deno/shim-deno": {
      "version": "0.17.0",
      "resolved": "https://registry.npmjs.org/@deno/shim-deno/-/shim-deno-0.17.0.tgz",
      "integrity": "sha512-+FzsP65eehAgTQdzt1izLEV17ePCZqHxDQqRDbpRc1yJVYtDI2MvbRq5DvOj90uRt6zKn9qtWpEueDqG1QORhQ==",
      "dev": true,
      "license": "MIT",
      "dependencies": {
        "@deno/shim-deno-test": "^0.5.0",
        "which": "^4.0.0"
      }
    },
    "node_modules/@deno/shim-deno-test": {
      "version": "0.5.0",
      "resolved": "https://registry.npmjs.org/@deno/shim-deno-test/-/shim-deno-test-0.5.0.tgz",
      "integrity": "sha512-4nMhecpGlPi0cSzT67L+Tm+GOJqvuk8gqHBziqcUQOarnuIax1z96/gJHCSIz2Z0zhxE6Rzwb3IZXPtFh51j+w==",
      "dev": true,
      "license": "MIT"
    },
    "node_modules/@esbuild/aix-ppc64": {
      "version": "0.27.2",
      "resolved": "https://registry.npmjs.org/@esbuild/aix-ppc64/-/aix-ppc64-0.27.2.tgz",
      "integrity": "sha512-GZMB+a0mOMZs4MpDbj8RJp4cw+w1WV5NYD6xzgvzUJ5Ek2jerwfO2eADyI6ExDSUED+1X8aMbegahsJi+8mgpw==",
      "cpu": [
        "ppc64"
      ],
      "dev": true,
      "license": "MIT",
      "optional": true,
      "os": [
        "aix"
      ],
      "engines": {
        "node": ">=18"
      }
    },
    "node_modules/@esbuild/android-arm": {
      "version": "0.27.2",
      "resolved": "https://registry.npmjs.org/@esbuild/android-arm/-/android-arm-0.27.2.tgz",
      "integrity": "sha512-DVNI8jlPa7Ujbr1yjU2PfUSRtAUZPG9I1RwW4F4xFB1Imiu2on0ADiI/c3td+KmDtVKNbi+nffGDQMfcIMkwIA==",
      "cpu": [
        "arm"
      ],
      "dev": true,
      "license": "MIT",
      "optional": true,
      "os": [
        "android"
      ],
      "engines": {
        "node": ">=18"
      }
    },
    "node_modules/@esbuild/android-arm64": {
      "version": "0.27.2",
      "resolved": "https://registry.npmjs.org/@esbuild/android-arm64/-/android-arm64-0.27.2.tgz",
      "integrity": "sha512-pvz8ZZ7ot/RBphf8fv60ljmaoydPU12VuXHImtAs0XhLLw+EXBi2BLe3OYSBslR4rryHvweW5gmkKFwTiFy6KA==",
      "cpu": [
        "arm64"
      ],
      "dev": true,
      "license": "MIT",
      "optional": true,
      "os": [
        "android"
      ],
      "engines": {
        "node": ">=18"
      }
    },
    "node_modules/@esbuild/android-x64": {
      "version": "0.27.2",
      "resolved": "https://registry.npmjs.org/@esbuild/android-x64/-/android-x64-0.27.2.tgz",
      "integrity": "sha512-z8Ank4Byh4TJJOh4wpz8g2vDy75zFL0TlZlkUkEwYXuPSgX8yzep596n6mT7905kA9uHZsf/o2OJZubl2l3M7A==",
      "cpu": [
        "x64"
      ],
      "dev": true,
      "license": "MIT",
      "optional": true,
      "os": [
        "android"
      ],
      "engines": {
        "node": ">=18"
      }
    },
    "node_modules/@esbuild/darwin-arm64": {
      "version": "0.27.2",
      "resolved": "https://registry.npmjs.org/@esbuild/darwin-arm64/-/darwin-arm64-0.27.2.tgz",
      "integrity": "sha512-davCD2Zc80nzDVRwXTcQP/28fiJbcOwvdolL0sOiOsbwBa72kegmVU0Wrh1MYrbuCL98Omp5dVhQFWRKR2ZAlg==",
      "cpu": [
        "arm64"
      ],
      "dev": true,
      "license": "MIT",
      "optional": true,
      "os": [
        "darwin"
      ],
      "engines": {
        "node": ">=18"
      }
    },
    "node_modules/@esbuild/darwin-x64": {
      "version": "0.27.2",
      "resolved": "https://registry.npmjs.org/@esbuild/darwin-x64/-/darwin-x64-0.27.2.tgz",
      "integrity": "sha512-ZxtijOmlQCBWGwbVmwOF/UCzuGIbUkqB1faQRf5akQmxRJ1ujusWsb3CVfk/9iZKr2L5SMU5wPBi1UWbvL+VQA==",
      "cpu": [
        "x64"
      ],
      "dev": true,
      "license": "MIT",
      "optional": true,
      "os": [
        "darwin"
      ],
      "engines": {
        "node": ">=18"
      }
    },
    "node_modules/@esbuild/freebsd-arm64": {
      "version": "0.27.2",
      "resolved": "https://registry.npmjs.org/@esbuild/freebsd-arm64/-/freebsd-arm64-0.27.2.tgz",
      "integrity": "sha512-lS/9CN+rgqQ9czogxlMcBMGd+l8Q3Nj1MFQwBZJyoEKI50XGxwuzznYdwcav6lpOGv5BqaZXqvBSiB/kJ5op+g==",
      "cpu": [
        "arm64"
      ],
      "dev": true,
      "license": "MIT",
      "optional": true,
      "os": [
        "freebsd"
      ],
      "engines": {
        "node": ">=18"
      }
    },
    "node_modules/@esbuild/freebsd-x64": {
      "version": "0.27.2",
      "resolved": "https://registry.npmjs.org/@esbuild/freebsd-x64/-/freebsd-x64-0.27.2.tgz",
      "integrity": "sha512-tAfqtNYb4YgPnJlEFu4c212HYjQWSO/w/h/lQaBK7RbwGIkBOuNKQI9tqWzx7Wtp7bTPaGC6MJvWI608P3wXYA==",
      "cpu": [
        "x64"
      ],
      "dev": true,
      "license": "MIT",
      "optional": true,
      "os": [
        "freebsd"
      ],
      "engines": {
        "node": ">=18"
      }
    },
    "node_modules/@esbuild/linux-arm": {
      "version": "0.27.2",
      "resolved": "https://registry.npmjs.org/@esbuild/linux-arm/-/linux-arm-0.27.2.tgz",
      "integrity": "sha512-vWfq4GaIMP9AIe4yj1ZUW18RDhx6EPQKjwe7n8BbIecFtCQG4CfHGaHuh7fdfq+y3LIA2vGS/o9ZBGVxIDi9hw==",
      "cpu": [
        "arm"
      ],
      "dev": true,
      "license": "MIT",
      "optional": true,
      "os": [
        "linux"
      ],
      "engines": {
        "node": ">=18"
      }
    },
    "node_modules/@esbuild/linux-arm64": {
      "version": "0.27.2",
      "resolved": "https://registry.npmjs.org/@esbuild/linux-arm64/-/linux-arm64-0.27.2.tgz",
      "integrity": "sha512-hYxN8pr66NsCCiRFkHUAsxylNOcAQaxSSkHMMjcpx0si13t1LHFphxJZUiGwojB1a/Hd5OiPIqDdXONia6bhTw==",
      "cpu": [
        "arm64"
      ],
      "dev": true,
      "license": "MIT",
      "optional": true,
      "os": [
        "linux"
      ],
      "engines": {
        "node": ">=18"
      }
    },
    "node_modules/@esbuild/linux-ia32": {
      "version": "0.27.2",
      "resolved": "https://registry.npmjs.org/@esbuild/linux-ia32/-/linux-ia32-0.27.2.tgz",
      "integrity": "sha512-MJt5BRRSScPDwG2hLelYhAAKh9imjHK5+NE/tvnRLbIqUWa+0E9N4WNMjmp/kXXPHZGqPLxggwVhz7QP8CTR8w==",
      "cpu": [
        "ia32"
      ],
      "dev": true,
      "license": "MIT",
      "optional": true,
      "os": [
        "linux"
      ],
      "engines": {
        "node": ">=18"
      }
    },
    "node_modules/@esbuild/linux-loong64": {
      "version": "0.27.2",
      "resolved": "https://registry.npmjs.org/@esbuild/linux-loong64/-/linux-loong64-0.27.2.tgz",
      "integrity": "sha512-lugyF1atnAT463aO6KPshVCJK5NgRnU4yb3FUumyVz+cGvZbontBgzeGFO1nF+dPueHD367a2ZXe1NtUkAjOtg==",
      "cpu": [
        "loong64"
      ],
      "dev": true,
      "license": "MIT",
      "optional": true,
      "os": [
        "linux"
      ],
      "engines": {
        "node": ">=18"
      }
    },
    "node_modules/@esbuild/linux-mips64el": {
      "version": "0.27.2",
      "resolved": "https://registry.npmjs.org/@esbuild/linux-mips64el/-/linux-mips64el-0.27.2.tgz",
      "integrity": "sha512-nlP2I6ArEBewvJ2gjrrkESEZkB5mIoaTswuqNFRv/WYd+ATtUpe9Y09RnJvgvdag7he0OWgEZWhviS1OTOKixw==",
      "cpu": [
        "mips64el"
      ],
      "dev": true,
      "license": "MIT",
      "optional": true,
      "os": [
        "linux"
      ],
      "engines": {
        "node": ">=18"
      }
    },
    "node_modules/@esbuild/linux-ppc64": {
      "version": "0.27.2",
      "resolved": "https://registry.npmjs.org/@esbuild/linux-ppc64/-/linux-ppc64-0.27.2.tgz",
      "integrity": "sha512-C92gnpey7tUQONqg1n6dKVbx3vphKtTHJaNG2Ok9lGwbZil6DrfyecMsp9CrmXGQJmZ7iiVXvvZH6Ml5hL6XdQ==",
      "cpu": [
        "ppc64"
      ],
      "dev": true,
      "license": "MIT",
      "optional": true,
      "os": [
        "linux"
      ],
      "engines": {
        "node": ">=18"
      }
    },
    "node_modules/@esbuild/linux-riscv64": {
      "version": "0.27.2",
      "resolved": "https://registry.npmjs.org/@esbuild/linux-riscv64/-/linux-riscv64-0.27.2.tgz",
      "integrity": "sha512-B5BOmojNtUyN8AXlK0QJyvjEZkWwy/FKvakkTDCziX95AowLZKR6aCDhG7LeF7uMCXEJqwa8Bejz5LTPYm8AvA==",
      "cpu": [
        "riscv64"
      ],
      "dev": true,
      "license": "MIT",
      "optional": true,
      "os": [
        "linux"
      ],
      "engines": {
        "node": ">=18"
      }
    },
    "node_modules/@esbuild/linux-s390x": {
      "version": "0.27.2",
      "resolved": "https://registry.npmjs.org/@esbuild/linux-s390x/-/linux-s390x-0.27.2.tgz",
      "integrity": "sha512-p4bm9+wsPwup5Z8f4EpfN63qNagQ47Ua2znaqGH6bqLlmJ4bx97Y9JdqxgGZ6Y8xVTixUnEkoKSHcpRlDnNr5w==",
      "cpu": [
        "s390x"
      ],
      "dev": true,
      "license": "MIT",
      "optional": true,
      "os": [
        "linux"
      ],
      "engines": {
        "node": ">=18"
      }
    },
    "node_modules/@esbuild/linux-x64": {
      "version": "0.27.2",
      "resolved": "https://registry.npmjs.org/@esbuild/linux-x64/-/linux-x64-0.27.2.tgz",
      "integrity": "sha512-uwp2Tip5aPmH+NRUwTcfLb+W32WXjpFejTIOWZFw/v7/KnpCDKG66u4DLcurQpiYTiYwQ9B7KOeMJvLCu/OvbA==",
      "cpu": [
        "x64"
      ],
      "dev": true,
      "license": "MIT",
      "optional": true,
      "os": [
        "linux"
      ],
      "engines": {
        "node": ">=18"
      }
    },
    "node_modules/@esbuild/netbsd-arm64": {
      "version": "0.27.2",
      "resolved": "https://registry.npmjs.org/@esbuild/netbsd-arm64/-/netbsd-arm64-0.27.2.tgz",
      "integrity": "sha512-Kj6DiBlwXrPsCRDeRvGAUb/LNrBASrfqAIok+xB0LxK8CHqxZ037viF13ugfsIpePH93mX7xfJp97cyDuTZ3cw==",
      "cpu": [
        "arm64"
      ],
      "dev": true,
      "license": "MIT",
      "optional": true,
      "os": [
        "netbsd"
      ],
      "engines": {
        "node": ">=18"
      }
    },
    "node_modules/@esbuild/netbsd-x64": {
      "version": "0.27.2",
      "resolved": "https://registry.npmjs.org/@esbuild/netbsd-x64/-/netbsd-x64-0.27.2.tgz",
      "integrity": "sha512-HwGDZ0VLVBY3Y+Nw0JexZy9o/nUAWq9MlV7cahpaXKW6TOzfVno3y3/M8Ga8u8Yr7GldLOov27xiCnqRZf0tCA==",
      "cpu": [
        "x64"
      ],
      "dev": true,
      "license": "MIT",
      "optional": true,
      "os": [
        "netbsd"
      ],
      "engines": {
        "node": ">=18"
      }
    },
    "node_modules/@esbuild/openbsd-arm64": {
      "version": "0.27.2",
      "resolved": "https://registry.npmjs.org/@esbuild/openbsd-arm64/-/openbsd-arm64-0.27.2.tgz",
      "integrity": "sha512-DNIHH2BPQ5551A7oSHD0CKbwIA/Ox7+78/AWkbS5QoRzaqlev2uFayfSxq68EkonB+IKjiuxBFoV8ESJy8bOHA==",
      "cpu": [
        "arm64"
      ],
      "dev": true,
      "license": "MIT",
      "optional": true,
      "os": [
        "openbsd"
      ],
      "engines": {
        "node": ">=18"
      }
    },
    "node_modules/@esbuild/openbsd-x64": {
      "version": "0.27.2",
      "resolved": "https://registry.npmjs.org/@esbuild/openbsd-x64/-/openbsd-x64-0.27.2.tgz",
      "integrity": "sha512-/it7w9Nb7+0KFIzjalNJVR5bOzA9Vay+yIPLVHfIQYG/j+j9VTH84aNB8ExGKPU4AzfaEvN9/V4HV+F+vo8OEg==",
      "cpu": [
        "x64"
      ],
      "dev": true,
      "license": "MIT",
      "optional": true,
      "os": [
        "openbsd"
      ],
      "engines": {
        "node": ">=18"
      }
    },
    "node_modules/@esbuild/openharmony-arm64": {
      "version": "0.27.2",
      "resolved": "https://registry.npmjs.org/@esbuild/openharmony-arm64/-/openharmony-arm64-0.27.2.tgz",
      "integrity": "sha512-LRBbCmiU51IXfeXk59csuX/aSaToeG7w48nMwA6049Y4J4+VbWALAuXcs+qcD04rHDuSCSRKdmY63sruDS5qag==",
      "cpu": [
        "arm64"
      ],
      "dev": true,
      "license": "MIT",
      "optional": true,
      "os": [
        "openharmony"
      ],
      "engines": {
        "node": ">=18"
      }
    },
    "node_modules/@esbuild/sunos-x64": {
      "version": "0.27.2",
      "resolved": "https://registry.npmjs.org/@esbuild/sunos-x64/-/sunos-x64-0.27.2.tgz",
      "integrity": "sha512-kMtx1yqJHTmqaqHPAzKCAkDaKsffmXkPHThSfRwZGyuqyIeBvf08KSsYXl+abf5HDAPMJIPnbBfXvP2ZC2TfHg==",
      "cpu": [
        "x64"
      ],
      "dev": true,
      "license": "MIT",
      "optional": true,
      "os": [
        "sunos"
      ],
      "engines": {
        "node": ">=18"
      }
    },
    "node_modules/@esbuild/win32-arm64": {
      "version": "0.27.2",
      "resolved": "https://registry.npmjs.org/@esbuild/win32-arm64/-/win32-arm64-0.27.2.tgz",
      "integrity": "sha512-Yaf78O/B3Kkh+nKABUF++bvJv5Ijoy9AN1ww904rOXZFLWVc5OLOfL56W+C8F9xn5JQZa3UX6m+IktJnIb1Jjg==",
      "cpu": [
        "arm64"
      ],
      "dev": true,
      "license": "MIT",
      "optional": true,
      "os": [
        "win32"
      ],
      "engines": {
        "node": ">=18"
      }
    },
    "node_modules/@esbuild/win32-ia32": {
      "version": "0.27.2",
      "resolved": "https://registry.npmjs.org/@esbuild/win32-ia32/-/win32-ia32-0.27.2.tgz",
      "integrity": "sha512-Iuws0kxo4yusk7sw70Xa2E2imZU5HoixzxfGCdxwBdhiDgt9vX9VUCBhqcwY7/uh//78A1hMkkROMJq9l27oLQ==",
      "cpu": [
        "ia32"
      ],
      "dev": true,
      "license": "MIT",
      "optional": true,
      "os": [
        "win32"
      ],
      "engines": {
        "node": ">=18"
      }
    },
    "node_modules/@esbuild/win32-x64": {
      "version": "0.27.2",
      "resolved": "https://registry.npmjs.org/@esbuild/win32-x64/-/win32-x64-0.27.2.tgz",
      "integrity": "sha512-sRdU18mcKf7F+YgheI/zGf5alZatMUTKj/jNS6l744f9u3WFu4v7twcUI9vu4mknF4Y9aDlblIie0IM+5xxaqQ==",
      "cpu": [
        "x64"
      ],
      "dev": true,
      "license": "MIT",
      "optional": true,
      "os": [
        "win32"
      ],
      "engines": {
        "node": ">=18"
      }
    },
    "node_modules/@jridgewell/resolve-uri": {
      "version": "3.1.2",
      "resolved": "https://registry.npmjs.org/@jridgewell/resolve-uri/-/resolve-uri-3.1.2.tgz",
      "integrity": "sha512-bRISgCIjP20/tbWSPWMEi54QVPRZExkuD9lJL+UIxUKtwVJA8wW1Trb1jMs1RFXo1CBTNZ/5hpC9QvmKWdopKw==",
      "dev": true,
      "license": "MIT",
      "engines": {
        "node": ">=6.0.0"
      }
    },
    "node_modules/@jridgewell/sourcemap-codec": {
      "version": "1.5.5",
      "resolved": "https://registry.npmjs.org/@jridgewell/sourcemap-codec/-/sourcemap-codec-1.5.5.tgz",
      "integrity": "sha512-cYQ9310grqxueWbl+WuIUIaiUaDcj7WOq5fVhEljNVgRfOUhY9fy2zTvfoqWsnebh8Sl70VScFbICvJnLKB0Og==",
      "dev": true,
      "license": "MIT"
    },
    "node_modules/@jridgewell/trace-mapping": {
      "version": "0.3.9",
      "resolved": "https://registry.npmjs.org/@jridgewell/trace-mapping/-/trace-mapping-0.3.9.tgz",
      "integrity": "sha512-3Belt6tdc8bPgAtbcmdtNJlirVoTmEb5e2gC94PnkwEW9jI6CAHUeoG85tjWP5WquqfavoMtMwiG4P926ZKKuQ==",
      "dev": true,
      "license": "MIT",
      "dependencies": {
        "@jridgewell/resolve-uri": "^3.0.3",
        "@jridgewell/sourcemap-codec": "^1.4.10"
      }
    },
    "node_modules/@tsconfig/node10": {
      "version": "1.0.12",
      "resolved": "https://registry.npmjs.org/@tsconfig/node10/-/node10-1.0.12.tgz",
      "integrity": "sha512-UCYBaeFvM11aU2y3YPZ//O5Rhj+xKyzy7mvcIoAjASbigy8mHMryP5cK7dgjlz2hWxh1g5pLw084E0a/wlUSFQ==",
      "dev": true,
      "license": "MIT"
    },
    "node_modules/@tsconfig/node12": {
      "version": "1.0.11",
      "resolved": "https://registry.npmjs.org/@tsconfig/node12/-/node12-1.0.11.tgz",
      "integrity": "sha512-cqefuRsh12pWyGsIoBKJA9luFu3mRxCA+ORZvA4ktLSzIuCUtWVxGIuXigEwO5/ywWFMZ2QEGKWvkZG1zDMTag==",
      "dev": true,
      "license": "MIT"
    },
    "node_modules/@tsconfig/node14": {
      "version": "1.0.3",
      "resolved": "https://registry.npmjs.org/@tsconfig/node14/-/node14-1.0.3.tgz",
      "integrity": "sha512-ysT8mhdixWK6Hw3i1V2AeRqZ5WfXg1G43mqoYlM2nc6388Fq5jcXyr5mRsqViLx/GJYdoL0bfXD8nmF+Zn/Iow==",
      "dev": true,
      "license": "MIT"
    },
    "node_modules/@tsconfig/node16": {
      "version": "1.0.4",
      "resolved": "https://registry.npmjs.org/@tsconfig/node16/-/node16-1.0.4.tgz",
      "integrity": "sha512-vxhUy4J8lyeyinH7Azl1pdd43GJhZH/tP2weN8TntQblOY+A0XbT8DJk1/oCPuOOyg/Ja757rG0CgHcWC8OfMA==",
      "dev": true,
      "license": "MIT"
    },
    "node_modules/@types/google-apps-script": {
      "version": "2.0.8",
      "resolved": "https://registry.npmjs.org/@types/google-apps-script/-/google-apps-script-2.0.8.tgz",
      "integrity": "sha512-mGPmzzdgBu1DlwrjOhFQ8u0se6AF/z4OpaTzOGwNKxwXZjE7J+IssfE3oL24j/S/p6aFiSTIptHZvbyqeZD8vA==",
      "license": "MIT"
    },
    "node_modules/@types/node": {
      "version": "25.0.3",
      "resolved": "https://registry.npmjs.org/@types/node/-/node-25.0.3.tgz",
      "integrity": "sha512-W609buLVRVmeW693xKfzHeIV6nJGGz98uCPfeXI1ELMLXVeKYZ9m15fAMSaUPBHYLGFsVRcMmSCksQOrZV9BYA==",
      "dev": true,
      "license": "MIT",
      "dependencies": {
        "undici-types": "~7.16.0"
      }
    },
    "node_modules/acorn": {
      "version": "8.15.0",
      "resolved": "https://registry.npmjs.org/acorn/-/acorn-8.15.0.tgz",
      "integrity": "sha512-NZyJarBfL7nWwIq+FDL6Zp/yHEhePMNnnJ0y3qfieCrmNvYct8uvtiV41UvlSe6apAfk0fY1FbWx+NwfmpvtTg==",
      "dev": true,
      "license": "MIT",
      "bin": {
        "acorn": "bin/acorn"
      },
      "engines": {
        "node": ">=0.4.0"
      }
    },
    "node_modules/acorn-walk": {
      "version": "8.3.4",
      "resolved": "https://registry.npmjs.org/acorn-walk/-/acorn-walk-8.3.4.tgz",
      "integrity": "sha512-ueEepnujpqee2o5aIYnvHU6C0A42MNdsIDeqy5BydrkuC5R1ZuUFnm27EeFJGoEHJQgn3uleRvmTXaJgfXbt4g==",
      "dev": true,
      "license": "MIT",
      "dependencies": {
        "acorn": "^8.11.0"
      },
      "engines": {
        "node": ">=0.4.0"
      }
    },
    "node_modules/arg": {
      "version": "4.1.3",
      "resolved": "https://registry.npmjs.org/arg/-/arg-4.1.3.tgz",
      "integrity": "sha512-58S9QDqG0Xx27YwPSt9fJxivjYl432YCwfDMfZ+71RAqUrZef7LrKQZ3LHLOwCS4FLNBplP533Zx895SeOCHvA==",
      "dev": true,
      "license": "MIT"
    },
    "node_modules/create-require": {
      "version": "1.1.1",
      "resolved": "https://registry.npmjs.org/create-require/-/create-require-1.1.1.tgz",
      "integrity": "sha512-dcKFX3jn0MpIaXjisoRvexIJVEKzaq7z2rZKxf+MSr9TkdmHmsU4m2lcLojrj/FHl8mk5VxMmYA+ftRkP/3oKQ==",
      "dev": true,
      "license": "MIT"
    },
    "node_modules/diff": {
      "version": "4.0.2",
      "resolved": "https://registry.npmjs.org/diff/-/diff-4.0.2.tgz",
      "integrity": "sha512-58lmxKSA4BNyLz+HHMUzlOEpg09FV+ev6ZMe3vJihgdxzgcwZ8VoEEPmALCZG9LmqfVoNMMKpttIYTVG6uDY7A==",
      "dev": true,
      "license": "BSD-3-Clause",
      "engines": {
        "node": ">=0.3.1"
      }
    },
    "node_modules/esbuild": {
      "version": "0.27.2",
      "resolved": "https://registry.npmjs.org/esbuild/-/esbuild-0.27.2.tgz",
      "integrity": "sha512-HyNQImnsOC7X9PMNaCIeAm4ISCQXs5a5YasTXVliKv4uuBo1dKrG0A+uQS8M5eXjVMnLg3WgXaKvprHlFJQffw==",
      "dev": true,
      "hasInstallScript": true,
      "license": "MIT",
      "bin": {
        "esbuild": "bin/esbuild"
      },
      "engines": {
        "node": ">=18"
      },
      "optionalDependencies": {
        "@esbuild/aix-ppc64": "0.27.2",
        "@esbuild/android-arm": "0.27.2",
        "@esbuild/android-arm64": "0.27.2",
        "@esbuild/android-x64": "0.27.2",
        "@esbuild/darwin-arm64": "0.27.2",
        "@esbuild/darwin-x64": "0.27.2",
        "@esbuild/freebsd-arm64": "0.27.2",
        "@esbuild/freebsd-x64": "0.27.2",
        "@esbuild/linux-arm": "0.27.2",
        "@esbuild/linux-arm64": "0.27.2",
        "@esbuild/linux-ia32": "0.27.2",
        "@esbuild/linux-loong64": "0.27.2",
        "@esbuild/linux-mips64el": "0.27.2",
        "@esbuild/linux-ppc64": "0.27.2",
        "@esbuild/linux-riscv64": "0.27.2",
        "@esbuild/linux-s390x": "0.27.2",
        "@esbuild/linux-x64": "0.27.2",
        "@esbuild/netbsd-arm64": "0.27.2",
        "@esbuild/netbsd-x64": "0.27.2",
        "@esbuild/openbsd-arm64": "0.27.2",
        "@esbuild/openbsd-x64": "0.27.2",
        "@esbuild/openharmony-arm64": "0.27.2",
        "@esbuild/sunos-x64": "0.27.2",
        "@esbuild/win32-arm64": "0.27.2",
        "@esbuild/win32-ia32": "0.27.2",
        "@esbuild/win32-x64": "0.27.2"
      }
    },
    "node_modules/esbuild-gas-plugin": {
      "version": "0.10.0",
      "resolved": "https://registry.npmjs.org/esbuild-gas-plugin/-/esbuild-gas-plugin-0.10.0.tgz",
      "integrity": "sha512-KL5nU7EaTIYdsUEUrON7d2nmogKvMlPd3w3SkoYHbr6UXcPSLarEm5p5YuTBamdPwKvlHAAtv+GfkigbrWhaQw==",
      "dev": true,
      "license": "MIT",
      "dependencies": {
        "@deno/shim-deno": "~0.17.0",
        "esbuild": "^0.18.4",
        "typescript": "^5.1.6"
      }
    },
    "node_modules/esbuild-gas-plugin/node_modules/@esbuild/android-arm": {
      "version": "0.18.20",
      "resolved": "https://registry.npmjs.org/@esbuild/android-arm/-/android-arm-0.18.20.tgz",
      "integrity": "sha512-fyi7TDI/ijKKNZTUJAQqiG5T7YjJXgnzkURqmGj13C6dCqckZBLdl4h7bkhHt/t0WP+zO9/zwroDvANaOqO5Sw==",
      "cpu": [
        "arm"
      ],
      "dev": true,
      "license": "MIT",
      "optional": true,
      "os": [
        "android"
      ],
      "engines": {
        "node": ">=12"
      }
    },
    "node_modules/esbuild-gas-plugin/node_modules/@esbuild/android-arm64": {
      "version": "0.18.20",
      "resolved": "https://registry.npmjs.org/@esbuild/android-arm64/-/android-arm64-0.18.20.tgz",
      "integrity": "sha512-Nz4rJcchGDtENV0eMKUNa6L12zz2zBDXuhj/Vjh18zGqB44Bi7MBMSXjgunJgjRhCmKOjnPuZp4Mb6OKqtMHLQ==",
      "cpu": [
        "arm64"
      ],
      "dev": true,
      "license": "MIT",
      "optional": true,
      "os": [
        "android"
      ],
      "engines": {
        "node": ">=12"
      }
    },
    "node_modules/esbuild-gas-plugin/node_modules/@esbuild/android-x64": {
      "version": "0.18.20",
      "resolved": "https://registry.npmjs.org/@esbuild/android-x64/-/android-x64-0.18.20.tgz",
      "integrity": "sha512-8GDdlePJA8D6zlZYJV/jnrRAi6rOiNaCC/JclcXpB+KIuvfBN4owLtgzY2bsxnx666XjJx2kDPUmnTtR8qKQUg==",
      "cpu": [
        "x64"
      ],
      "dev": true,
      "license": "MIT",
      "optional": true,
      "os": [
        "android"
      ],
      "engines": {
        "node": ">=12"
      }
    },
    "node_modules/esbuild-gas-plugin/node_modules/@esbuild/darwin-arm64": {
      "version": "0.18.20",
      "resolved": "https://registry.npmjs.org/@esbuild/darwin-arm64/-/darwin-arm64-0.18.20.tgz",
      "integrity": "sha512-bxRHW5kHU38zS2lPTPOyuyTm+S+eobPUnTNkdJEfAddYgEcll4xkT8DB9d2008DtTbl7uJag2HuE5NZAZgnNEA==",
      "cpu": [
        "arm64"
      ],
      "dev": true,
      "license": "MIT",
      "optional": true,
      "os": [
        "darwin"
      ],
      "engines": {
        "node": ">=12"
      }
    },
    "node_modules/esbuild-gas-plugin/node_modules/@esbuild/darwin-x64": {
      "version": "0.18.20",
      "resolved": "https://registry.npmjs.org/@esbuild/darwin-x64/-/darwin-x64-0.18.20.tgz",
      "integrity": "sha512-pc5gxlMDxzm513qPGbCbDukOdsGtKhfxD1zJKXjCCcU7ju50O7MeAZ8c4krSJcOIJGFR+qx21yMMVYwiQvyTyQ==",
      "cpu": [
        "x64"
      ],
      "dev": true,
      "license": "MIT",
      "optional": true,
      "os": [
        "darwin"
      ],
      "engines": {
        "node": ">=12"
      }
    },
    "node_modules/esbuild-gas-plugin/node_modules/@esbuild/freebsd-arm64": {
      "version": "0.18.20",
      "resolved": "https://registry.npmjs.org/@esbuild/freebsd-arm64/-/freebsd-arm64-0.18.20.tgz",
      "integrity": "sha512-yqDQHy4QHevpMAaxhhIwYPMv1NECwOvIpGCZkECn8w2WFHXjEwrBn3CeNIYsibZ/iZEUemj++M26W3cNR5h+Tw==",
      "cpu": [
        "arm64"
      ],
      "dev": true,
      "license": "MIT",
      "optional": true,
      "os": [
        "freebsd"
      ],
      "engines": {
        "node": ">=12"
      }
    },
    "node_modules/esbuild-gas-plugin/node_modules/@esbuild/freebsd-x64": {
      "version": "0.18.20",
      "resolved": "https://registry.npmjs.org/@esbuild/freebsd-x64/-/freebsd-x64-0.18.20.tgz",
      "integrity": "sha512-tgWRPPuQsd3RmBZwarGVHZQvtzfEBOreNuxEMKFcd5DaDn2PbBxfwLcj4+aenoh7ctXcbXmOQIn8HI6mCSw5MQ==",
      "cpu": [
        "x64"
      ],
      "dev": true,
      "license": "MIT",
      "optional": true,
      "os": [
        "freebsd"
      ],
      "engines": {
        "node": ">=12"
      }
    },
    "node_modules/esbuild-gas-plugin/node_modules/@esbuild/linux-arm": {
      "version": "0.18.20",
      "resolved": "https://registry.npmjs.org/@esbuild/linux-arm/-/linux-arm-0.18.20.tgz",
      "integrity": "sha512-/5bHkMWnq1EgKr1V+Ybz3s1hWXok7mDFUMQ4cG10AfW3wL02PSZi5kFpYKrptDsgb2WAJIvRcDm+qIvXf/apvg==",
      "cpu": [
        "arm"
      ],
      "dev": true,
      "license": "MIT",
      "optional": true,
      "os": [
        "linux"
      ],
      "engines": {
        "node": ">=12"
      }
    },
    "node_modules/esbuild-gas-plugin/node_modules/@esbuild/linux-arm64": {
      "version": "0.18.20",
      "resolved": "https://registry.npmjs.org/@esbuild/linux-arm64/-/linux-arm64-0.18.20.tgz",
      "integrity": "sha512-2YbscF+UL7SQAVIpnWvYwM+3LskyDmPhe31pE7/aoTMFKKzIc9lLbyGUpmmb8a8AixOL61sQ/mFh3jEjHYFvdA==",
      "cpu": [
        "arm64"
      ],
      "dev": true,
      "license": "MIT",
      "optional": true,
      "os": [
        "linux"
      ],
      "engines": {
        "node": ">=12"
      }
    },
    "node_modules/esbuild-gas-plugin/node_modules/@esbuild/linux-ia32": {
      "version": "0.18.20",
      "resolved": "https://registry.npmjs.org/@esbuild/linux-ia32/-/linux-ia32-0.18.20.tgz",
      "integrity": "sha512-P4etWwq6IsReT0E1KHU40bOnzMHoH73aXp96Fs8TIT6z9Hu8G6+0SHSw9i2isWrD2nbx2qo5yUqACgdfVGx7TA==",
      "cpu": [
        "ia32"
      ],
      "dev": true,
      "license": "MIT",
      "optional": true,
      "os": [
        "linux"
      ],
      "engines": {
        "node": ">=12"
      }
    },
    "node_modules/esbuild-gas-plugin/node_modules/@esbuild/linux-loong64": {
      "version": "0.18.20",
      "resolved": "https://registry.npmjs.org/@esbuild/linux-loong64/-/linux-loong64-0.18.20.tgz",
      "integrity": "sha512-nXW8nqBTrOpDLPgPY9uV+/1DjxoQ7DoB2N8eocyq8I9XuqJ7BiAMDMf9n1xZM9TgW0J8zrquIb/A7s3BJv7rjg==",
      "cpu": [
        "loong64"
      ],
      "dev": true,
      "license": "MIT",
      "optional": true,
      "os": [
        "linux"
      ],
      "engines": {
        "node": ">=12"
      }
    },
    "node_modules/esbuild-gas-plugin/node_modules/@esbuild/linux-mips64el": {
      "version": "0.18.20",
      "resolved": "https://registry.npmjs.org/@esbuild/linux-mips64el/-/linux-mips64el-0.18.20.tgz",
      "integrity": "sha512-d5NeaXZcHp8PzYy5VnXV3VSd2D328Zb+9dEq5HE6bw6+N86JVPExrA6O68OPwobntbNJ0pzCpUFZTo3w0GyetQ==",
      "cpu": [
        "mips64el"
      ],
      "dev": true,
      "license": "MIT",
      "optional": true,
      "os": [
        "linux"
      ],
      "engines": {
        "node": ">=12"
      }
    },
    "node_modules/esbuild-gas-plugin/node_modules/@esbuild/linux-ppc64": {
      "version": "0.18.20",
      "resolved": "https://registry.npmjs.org/@esbuild/linux-ppc64/-/linux-ppc64-0.18.20.tgz",
      "integrity": "sha512-WHPyeScRNcmANnLQkq6AfyXRFr5D6N2sKgkFo2FqguP44Nw2eyDlbTdZwd9GYk98DZG9QItIiTlFLHJHjxP3FA==",
      "cpu": [
        "ppc64"
      ],
      "dev": true,
      "license": "MIT",
      "optional": true,
      "os": [
        "linux"
      ],
      "engines": {
        "node": ">=12"
      }
    },
    "node_modules/esbuild-gas-plugin/node_modules/@esbuild/linux-riscv64": {
      "version": "0.18.20",
      "resolved": "https://registry.npmjs.org/@esbuild/linux-riscv64/-/linux-riscv64-0.18.20.tgz",
      "integrity": "sha512-WSxo6h5ecI5XH34KC7w5veNnKkju3zBRLEQNY7mv5mtBmrP/MjNBCAlsM2u5hDBlS3NGcTQpoBvRzqBcRtpq1A==",
      "cpu": [
        "riscv64"
      ],
      "dev": true,
      "license": "MIT",
      "optional": true,
      "os": [
        "linux"
      ],
      "engines": {
        "node": ">=12"
      }
    },
    "node_modules/esbuild-gas-plugin/node_modules/@esbuild/linux-s390x": {
      "version": "0.18.20",
      "resolved": "https://registry.npmjs.org/@esbuild/linux-s390x/-/linux-s390x-0.18.20.tgz",
      "integrity": "sha512-+8231GMs3mAEth6Ja1iK0a1sQ3ohfcpzpRLH8uuc5/KVDFneH6jtAJLFGafpzpMRO6DzJ6AvXKze9LfFMrIHVQ==",
      "cpu": [
        "s390x"
      ],
      "dev": true,
      "license": "MIT",
      "optional": true,
      "os": [
        "linux"
      ],
      "engines": {
        "node": ">=12"
      }
    },
    "node_modules/esbuild-gas-plugin/node_modules/@esbuild/linux-x64": {
      "version": "0.18.20",
      "resolved": "https://registry.npmjs.org/@esbuild/linux-x64/-/linux-x64-0.18.20.tgz",
      "integrity": "sha512-UYqiqemphJcNsFEskc73jQ7B9jgwjWrSayxawS6UVFZGWrAAtkzjxSqnoclCXxWtfwLdzU+vTpcNYhpn43uP1w==",
      "cpu": [
        "x64"
      ],
      "dev": true,
      "license": "MIT",
      "optional": true,
      "os": [
        "linux"
      ],
      "engines": {
        "node": ">=12"
      }
    },
    "node_modules/esbuild-gas-plugin/node_modules/@esbuild/netbsd-x64": {
      "version": "0.18.20",
      "resolved": "https://registry.npmjs.org/@esbuild/netbsd-x64/-/netbsd-x64-0.18.20.tgz",
      "integrity": "sha512-iO1c++VP6xUBUmltHZoMtCUdPlnPGdBom6IrO4gyKPFFVBKioIImVooR5I83nTew5UOYrk3gIJhbZh8X44y06A==",
      "cpu": [
        "x64"
      ],
      "dev": true,
      "license": "MIT",
      "optional": true,
      "os": [
        "netbsd"
      ],
      "engines": {
        "node": ">=12"
      }
    },
    "node_modules/esbuild-gas-plugin/node_modules/@esbuild/openbsd-x64": {
      "version": "0.18.20",
      "resolved": "https://registry.npmjs.org/@esbuild/openbsd-x64/-/openbsd-x64-0.18.20.tgz",
      "integrity": "sha512-e5e4YSsuQfX4cxcygw/UCPIEP6wbIL+se3sxPdCiMbFLBWu0eiZOJ7WoD+ptCLrmjZBK1Wk7I6D/I3NglUGOxg==",
      "cpu": [
        "x64"
      ],
      "dev": true,
      "license": "MIT",
      "optional": true,
      "os": [
        "openbsd"
      ],
      "engines": {
        "node": ">=12"
      }
    },
    "node_modules/esbuild-gas-plugin/node_modules/@esbuild/sunos-x64": {
      "version": "0.18.20",
      "resolved": "https://registry.npmjs.org/@esbuild/sunos-x64/-/sunos-x64-0.18.20.tgz",
      "integrity": "sha512-kDbFRFp0YpTQVVrqUd5FTYmWo45zGaXe0X8E1G/LKFC0v8x0vWrhOWSLITcCn63lmZIxfOMXtCfti/RxN/0wnQ==",
      "cpu": [
        "x64"
      ],
      "dev": true,
      "license": "MIT",
      "optional": true,
      "os": [
        "sunos"
      ],
      "engines": {
        "node": ">=12"
      }
    },
    "node_modules/esbuild-gas-plugin/node_modules/@esbuild/win32-arm64": {
      "version": "0.18.20",
      "resolved": "https://registry.npmjs.org/@esbuild/win32-arm64/-/win32-arm64-0.18.20.tgz",
      "integrity": "sha512-ddYFR6ItYgoaq4v4JmQQaAI5s7npztfV4Ag6NrhiaW0RrnOXqBkgwZLofVTlq1daVTQNhtI5oieTvkRPfZrePg==",
      "cpu": [
        "arm64"
      ],
      "dev": true,
      "license": "MIT",
      "optional": true,
      "os": [
        "win32"
      ],
      "engines": {
        "node": ">=12"
      }
    },
    "node_modules/esbuild-gas-plugin/node_modules/@esbuild/win32-ia32": {
      "version": "0.18.20",
      "resolved": "https://registry.npmjs.org/@esbuild/win32-ia32/-/win32-ia32-0.18.20.tgz",
      "integrity": "sha512-Wv7QBi3ID/rROT08SABTS7eV4hX26sVduqDOTe1MvGMjNd3EjOz4b7zeexIR62GTIEKrfJXKL9LFxTYgkyeu7g==",
      "cpu": [
        "ia32"
      ],
      "dev": true,
      "license": "MIT",
      "optional": true,
      "os": [
        "win32"
      ],
      "engines": {
        "node": ">=12"
      }
    },
    "node_modules/esbuild-gas-plugin/node_modules/@esbuild/win32-x64": {
      "version": "0.18.20",
      "resolved": "https://registry.npmjs.org/@esbuild/win32-x64/-/win32-x64-0.18.20.tgz",
      "integrity": "sha512-kTdfRcSiDfQca/y9QIkng02avJ+NCaQvrMejlsB3RRv5sE9rRoeBPISaZpKxHELzRxZyLvNts1P27W3wV+8geQ==",
      "cpu": [
        "x64"
      ],
      "dev": true,
      "license": "MIT",
      "optional": true,
      "os": [
        "win32"
      ],
      "engines": {
        "node": ">=12"
      }
    },
    "node_modules/esbuild-gas-plugin/node_modules/esbuild": {
      "version": "0.18.20",
      "resolved": "https://registry.npmjs.org/esbuild/-/esbuild-0.18.20.tgz",
      "integrity": "sha512-ceqxoedUrcayh7Y7ZX6NdbbDzGROiyVBgC4PriJThBKSVPWnnFHZAkfI1lJT8QFkOwH4qOS2SJkS4wvpGl8BpA==",
      "dev": true,
      "hasInstallScript": true,
      "license": "MIT",
      "bin": {
        "esbuild": "bin/esbuild"
      },
      "engines": {
        "node": ">=12"
      },
      "optionalDependencies": {
        "@esbuild/android-arm": "0.18.20",
        "@esbuild/android-arm64": "0.18.20",
        "@esbuild/android-x64": "0.18.20",
        "@esbuild/darwin-arm64": "0.18.20",
        "@esbuild/darwin-x64": "0.18.20",
        "@esbuild/freebsd-arm64": "0.18.20",
        "@esbuild/freebsd-x64": "0.18.20",
        "@esbuild/linux-arm": "0.18.20",
        "@esbuild/linux-arm64": "0.18.20",
        "@esbuild/linux-ia32": "0.18.20",
        "@esbuild/linux-loong64": "0.18.20",
        "@esbuild/linux-mips64el": "0.18.20",
        "@esbuild/linux-ppc64": "0.18.20",
        "@esbuild/linux-riscv64": "0.18.20",
        "@esbuild/linux-s390x": "0.18.20",
        "@esbuild/linux-x64": "0.18.20",
        "@esbuild/netbsd-x64": "0.18.20",
        "@esbuild/openbsd-x64": "0.18.20",
        "@esbuild/sunos-x64": "0.18.20",
        "@esbuild/win32-arm64": "0.18.20",
        "@esbuild/win32-ia32": "0.18.20",
        "@esbuild/win32-x64": "0.18.20"
      }
    },
    "node_modules/isexe": {
      "version": "3.1.1",
      "resolved": "https://registry.npmjs.org/isexe/-/isexe-3.1.1.tgz",
      "integrity": "sha512-LpB/54B+/2J5hqQ7imZHfdU31OlgQqx7ZicVlkm9kzg9/w8GKLEcFfJl/t7DCEDueOyBAD6zCCwTO6Fzs0NoEQ==",
      "dev": true,
      "license": "ISC",
      "engines": {
        "node": ">=16"
      }
    },
    "node_modules/make-error": {
      "version": "1.3.6",
      "resolved": "https://registry.npmjs.org/make-error/-/make-error-1.3.6.tgz",
      "integrity": "sha512-s8UhlNe7vPKomQhC1qFelMokr/Sc3AgNbso3n74mVPA5LTZwkB9NlXf4XPamLxJE8h0gh73rM94xvwRT2CVInw==",
      "dev": true,
      "license": "ISC"
    },
    "node_modules/ts-node": {
      "version": "10.9.2",
      "resolved": "https://registry.npmjs.org/ts-node/-/ts-node-10.9.2.tgz",
      "integrity": "sha512-f0FFpIdcHgn8zcPSbf1dRevwt047YMnaiJM3u2w2RewrB+fob/zePZcrOyQoLMMO7aBIddLcQIEK5dYjkLnGrQ==",
      "dev": true,
      "license": "MIT",
      "dependencies": {
        "@cspotcode/source-map-support": "^0.8.0",
        "@tsconfig/node10": "^1.0.7",
        "@tsconfig/node12": "^1.0.7",
        "@tsconfig/node14": "^1.0.0",
        "@tsconfig/node16": "^1.0.2",
        "acorn": "^8.4.1",
        "acorn-walk": "^8.1.1",
        "arg": "^4.1.0",
        "create-require": "^1.1.0",
        "diff": "^4.0.1",
        "make-error": "^1.1.1",
        "v8-compile-cache-lib": "^3.0.1",
        "yn": "3.1.1"
      },
      "bin": {
        "ts-node": "dist/bin.js",
        "ts-node-cwd": "dist/bin-cwd.js",
        "ts-node-esm": "dist/bin-esm.js",
        "ts-node-script": "dist/bin-script.js",
        "ts-node-transpile-only": "dist/bin-transpile.js",
        "ts-script": "dist/bin-script-deprecated.js"
      },
      "peerDependencies": {
        "@swc/core": ">=1.2.50",
        "@swc/wasm": ">=1.2.50",
        "@types/node": "*",
        "typescript": ">=2.7"
      },
      "peerDependenciesMeta": {
        "@swc/core": {
          "optional": true
        },
        "@swc/wasm": {
          "optional": true
        }
      }
    },
    "node_modules/typescript": {
      "version": "5.9.3",
      "resolved": "https://registry.npmjs.org/typescript/-/typescript-5.9.3.tgz",
      "integrity": "sha512-jl1vZzPDinLr9eUt3J/t7V6FgNEw9QjvBPdysz9KfQDD41fQrC2Y4vKQdiaUpFT4bXlb1RHhLpp8wtm6M5TgSw==",
      "dev": true,
      "license": "Apache-2.0",
      "bin": {
        "tsc": "bin/tsc",
        "tsserver": "bin/tsserver"
      },
      "engines": {
        "node": ">=14.17"
      }
    },
    "node_modules/undici-types": {
      "version": "7.16.0",
      "resolved": "https://registry.npmjs.org/undici-types/-/undici-types-7.16.0.tgz",
      "integrity": "sha512-Zz+aZWSj8LE6zoxD+xrjh4VfkIG8Ya6LvYkZqtUQGJPZjYl53ypCaUwWqo7eI0x66KBGeRo+mlBEkMSeSZ38Nw==",
      "dev": true,
      "license": "MIT"
    },
    "node_modules/v8-compile-cache-lib": {
      "version": "3.0.1",
      "resolved": "https://registry.npmjs.org/v8-compile-cache-lib/-/v8-compile-cache-lib-3.0.1.tgz",
      "integrity": "sha512-wa7YjyUGfNZngI/vtK0UHAN+lgDCxBPCylVXGp0zu59Fz5aiGtNXaq3DhIov063MorB+VfufLh3JlF2KdTK3xg==",
      "dev": true,
      "license": "MIT"
    },
    "node_modules/which": {
      "version": "4.0.0",
      "resolved": "https://registry.npmjs.org/which/-/which-4.0.0.tgz",
      "integrity": "sha512-GlaYyEb07DPxYCKhKzplCWBJtvxZcZMrL+4UkrTSJHHPyZU4mYYTv3qaOe77H7EODLSSopAUFAc6W8U4yqvscg==",
      "dev": true,
      "license": "ISC",
      "dependencies": {
        "isexe": "^3.1.1"
      },
      "bin": {
        "node-which": "bin/which.js"
      },
      "engines": {
        "node": "^16.13.0 || >=18.0.0"
      }
    },
    "node_modules/yn": {
      "version": "3.1.1",
      "resolved": "https://registry.npmjs.org/yn/-/yn-3.1.1.tgz",
      "integrity": "sha512-Ux4ygGWsu2c7isFWe8Yu1YluJmqVhxqK2cLXNQA5AcC3QfbGNpM7fu0Y8b/z16pXLnFxZYvWhd3fhBY9DLmC6Q==",
      "dev": true,
      "license": "MIT",
      "engines": {
        "node": ">=6"
      }
    }
  }
}
